
Microsoft Visual Studio Solution File, Format Version 12.00
# Visual Studio Version 17
VisualStudioVersion = 17.1.32414.318
MinimumVisualStudioVersion = 10.0.40219.1
Project("{2150E333-8FDC-42A3-9474-1A3956D46DE8}") = "Services", "Services", "{9A9116A6-9414-425B-9440-3D472E890378}"
EndProject
Project("{2150E333-8FDC-42A3-9474-1A3956D46DE8}") = "Contact", "Contact", "{51ECCA17-137E-4A2D-848A-D831DC91287E}"
EndProject
Project("{9A19103F-16F7-4668-BE54-9A1E7A4F7556}") = "Contact.API", "Services\Contact\Contact.API\Contact.API.csproj", "{18D4C340-93A4-4FE2-ADDD-B787EAF1F869}"
EndProject
Project("{9A19103F-16F7-4668-BE54-9A1E7A4F7556}") = "Contact.Framework", "Contact\Contact.Framework\Contact.Framework.csproj", "{3E994A2F-9B9F-4AAE-A27E-0E4E479F49FC}"
EndProject
Project("{2150E333-8FDC-42A3-9474-1A3956D46DE8}") = "Data", "Data", "{BB106246-CCB2-4DB8-B900-5FA2E3872E60}"
EndProject
Project("{9A19103F-16F7-4668-BE54-9A1E7A4F7556}") = "CommonProject", "Data\CommonProject\CommonProject.csproj", "{5BDC491D-8F83-4FB4-B414-761C6A177046}"
EndProject
Project("{2150E333-8FDC-42A3-9474-1A3956D46DE8}") = "View", "View", "{DEF17E53-99BA-4E9E-9C0E-FB6DDD3649B7}"
EndProject
Project("{9A19103F-16F7-4668-BE54-9A1E7A4F7556}") = "Contact.UI", "View\Contact.UI\Contact.UI.csproj", "{9AF7932B-8D14-46BC-92A6-3F5FD37607DC}"
EndProject
Project("{9A19103F-16F7-4668-BE54-9A1E7A4F7556}") = "Contact.UI.Framework", "View\Contact.UI.Framework\Contact.UI.Framework.csproj", "{C58572DD-3C78-4479-B0D6-5B23DEE91CEE}"
EndProject
Project("{2150E333-8FDC-42A3-9474-1A3956D46DE8}") = "Report", "Report", "{89CCB98C-73DF-4D5B-B07B-DE543AF4A44D}"
EndProject
Project("{FAE04EC0-301F-11D3-BF4B-00C04F79EFBC}") = "Report.API", "Services\Report\Report.API\Report.API.csproj", "{6175355F-BF73-4E1F-9A33-520E4818BCE7}"
EndProject
Project("{FAE04EC0-301F-11D3-BF4B-00C04F79EFBC}") = "Report.Framework", "Services\Report\Report.Framework\Report.Framework.csproj", "{6CA84F2C-9EAC-426F-8E55-FAAAFDE37E6A}"
EndProject
Global
	GlobalSection(SolutionConfigurationPlatforms) = preSolution
		Debug|Any CPU = Debug|Any CPU
		Release|Any CPU = Release|Any CPU
	EndGlobalSection
	GlobalSection(ProjectConfigurationPlatforms) = postSolution
		{18D4C340-93A4-4FE2-ADDD-B787EAF1F869}.Debug|Any CPU.ActiveCfg = Debug|Any CPU
		{18D4C340-93A4-4FE2-ADDD-B787EAF1F869}.Debug|Any CPU.Build.0 = Debug|Any CPU
		{18D4C340-93A4-4FE2-ADDD-B787EAF1F869}.Release|Any CPU.ActiveCfg = Release|Any CPU
		{18D4C340-93A4-4FE2-ADDD-B787EAF1F869}.Release|Any CPU.Build.0 = Release|Any CPU
		{3E994A2F-9B9F-4AAE-A27E-0E4E479F49FC}.Debug|Any CPU.ActiveCfg = Debug|Any CPU
		{3E994A2F-9B9F-4AAE-A27E-0E4E479F49FC}.Debug|Any CPU.Build.0 = Debug|Any CPU
		{3E994A2F-9B9F-4AAE-A27E-0E4E479F49FC}.Release|Any CPU.ActiveCfg = Release|Any CPU
		{3E994A2F-9B9F-4AAE-A27E-0E4E479F49FC}.Release|Any CPU.Build.0 = Release|Any CPU
		{5BDC491D-8F83-4FB4-B414-761C6A177046}.Debug|Any CPU.ActiveCfg = Debug|Any CPU
		{5BDC491D-8F83-4FB4-B414-761C6A177046}.Debug|Any CPU.Build.0 = Debug|Any CPU
		{5BDC491D-8F83-4FB4-B414-761C6A177046}.Release|Any CPU.ActiveCfg = Release|Any CPU
		{5BDC491D-8F83-4FB4-B414-761C6A177046}.Release|Any CPU.Build.0 = Release|Any CPU
		{9AF7932B-8D14-46BC-92A6-3F5FD37607DC}.Debug|Any CPU.ActiveCfg = Debug|Any CPU
		{9AF7932B-8D14-46BC-92A6-3F5FD37607DC}.Debug|Any CPU.Build.0 = Debug|Any CPU
		{9AF7932B-8D14-46BC-92A6-3F5FD37607DC}.Release|Any CPU.ActiveCfg = Release|Any CPU
		{9AF7932B-8D14-46BC-92A6-3F5FD37607DC}.Release|Any CPU.Build.0 = Release|Any CPU
		{C58572DD-3C78-4479-B0D6-5B23DEE91CEE}.Debug|Any CPU.ActiveCfg = Debug|Any CPU
		{C58572DD-3C78-4479-B0D6-5B23DEE91CEE}.Debug|Any CPU.Build.0 = Debug|Any CPU
		{C58572DD-3C78-4479-B0D6-5B23DEE91CEE}.Release|Any CPU.ActiveCfg = Release|Any CPU
		{C58572DD-3C78-4479-B0D6-5B23DEE91CEE}.Release|Any CPU.Build.0 = Release|Any CPU
		{6175355F-BF73-4E1F-9A33-520E4818BCE7}.Debug|Any CPU.ActiveCfg = Debug|Any CPU
		{6175355F-BF73-4E1F-9A33-520E4818BCE7}.Debug|Any CPU.Build.0 = Debug|Any CPU
		{6175355F-BF73-4E1F-9A33-520E4818BCE7}.Release|Any CPU.ActiveCfg = Release|Any CPU
		{6175355F-BF73-4E1F-9A33-520E4818BCE7}.Release|Any CPU.Build.0 = Release|Any CPU
		{6CA84F2C-9EAC-426F-8E55-FAAAFDE37E6A}.Debug|Any CPU.ActiveCfg = Debug|Any CPU
		{6CA84F2C-9EAC-426F-8E55-FAAAFDE37E6A}.Debug|Any CPU.Build.0 = Debug|Any CPU
		{6CA84F2C-9EAC-426F-8E55-FAAAFDE37E6A}.Release|Any CPU.ActiveCfg = Release|Any CPU
		{6CA84F2C-9EAC-426F-8E55-FAAAFDE37E6A}.Release|Any CPU.Build.0 = Release|Any CPU
	EndGlobalSection
	GlobalSection(SolutionProperties) = preSolution
		HideSolutionNode = FALSE
	EndGlobalSection
	GlobalSection(NestedProjects) = preSolution
		{51ECCA17-137E-4A2D-848A-D831DC91287E} = {9A9116A6-9414-425B-9440-3D472E890378}
		{18D4C340-93A4-4FE2-ADDD-B787EAF1F869} = {51ECCA17-137E-4A2D-848A-D831DC91287E}
		{3E994A2F-9B9F-4AAE-A27E-0E4E479F49FC} = {51ECCA17-137E-4A2D-848A-D831DC91287E}
		{5BDC491D-8F83-4FB4-B414-761C6A177046} = {BB106246-CCB2-4DB8-B900-5FA2E3872E60}
		{9AF7932B-8D14-46BC-92A6-3F5FD37607DC} = {DEF17E53-99BA-4E9E-9C0E-FB6DDD3649B7}
		{C58572DD-3C78-4479-B0D6-5B23DEE91CEE} = {DEF17E53-99BA-4E9E-9C0E-FB6DDD3649B7}
		{89CCB98C-73DF-4D5B-B07B-DE543AF4A44D} = {9A9116A6-9414-425B-9440-3D472E890378}
		{6175355F-BF73-4E1F-9A33-520E4818BCE7} = {89CCB98C-73DF-4D5B-B07B-DE543AF4A44D}
		{6CA84F2C-9EAC-426F-8E55-FAAAFDE37E6A} = {89CCB98C-73DF-4D5B-B07B-DE543AF4A44D}
	EndGlobalSection
	GlobalSection(ExtensibilityGlobals) = postSolution
		SolutionGuid = {260E4854-FD9D-4A36-8BC0-ED0B2E5C29DF}
	EndGlobalSection
EndGlobal
